
Microsoft Visual Studio Solution File, Format Version 12.00
# Visual Studio Version 16
VisualStudioVersion = 16.0.31729.503
MinimumVisualStudioVersion = 10.0.40219.1
Project("{FAE04EC0-301F-11D3-BF4B-00C04F79EFBC}") = "LiftSite", "LiftSite\LiftSite.csproj", "{DFC9B197-80C6-46CF-8A58-7521A6853535}"
EndProject
Project("{FAE04EC0-301F-11D3-BF4B-00C04F79EFBC}") = "LiftSite.DataAccess", "LiftSite.DataAccess\LiftSite.DataAccess.csproj", "{5C0738E9-4FEC-402F-A57C-24C7DDD0F245}"
EndProject
Project("{FAE04EC0-301F-11D3-BF4B-00C04F79EFBC}") = "LiftSite.Domain", "LiftSite.Domain\LiftSite.Domain.csproj", "{826C2DF7-6A06-495E-9FD4-30FEFE25A915}"
EndProject
Global
	GlobalSection(SolutionConfigurationPlatforms) = preSolution
		Debug|Any CPU = Debug|Any CPU
		Release|Any CPU = Release|Any CPU
	EndGlobalSection
	GlobalSection(ProjectConfigurationPlatforms) = postSolution
		{DFC9B197-80C6-46CF-8A58-7521A6853535}.Debug|Any CPU.ActiveCfg = Debug|Any CPU
		{DFC9B197-80C6-46CF-8A58-7521A6853535}.Debug|Any CPU.Build.0 = Debug|Any CPU
		{DFC9B197-80C6-46CF-8A58-7521A6853535}.Release|Any CPU.ActiveCfg = Release|Any CPU
		{DFC9B197-80C6-46CF-8A58-7521A6853535}.Release|Any CPU.Build.0 = Release|Any CPU
		{5C0738E9-4FEC-402F-A57C-24C7DDD0F245}.Debug|Any CPU.ActiveCfg = Debug|Any CPU
		{5C0738E9-4FEC-402F-A57C-24C7DDD0F245}.Debug|Any CPU.Build.0 = Debug|Any CPU
		{5C0738E9-4FEC-402F-A57C-24C7DDD0F245}.Release|Any CPU.ActiveCfg = Release|Any CPU
		{5C0738E9-4FEC-402F-A57C-24C7DDD0F245}.Release|Any CPU.Build.0 = Release|Any CPU
		{826C2DF7-6A06-495E-9FD4-30FEFE25A915}.Debug|Any CPU.ActiveCfg = Debug|Any CPU
		{826C2DF7-6A06-495E-9FD4-30FEFE25A915}.Debug|Any CPU.Build.0 = Debug|Any CPU
		{826C2DF7-6A06-495E-9FD4-30FEFE25A915}.Release|Any CPU.ActiveCfg = Release|Any CPU
		{826C2DF7-6A06-495E-9FD4-30FEFE25A915}.Release|Any CPU.Build.0 = Release|Any CPU
	EndGlobalSection
	GlobalSection(SolutionProperties) = preSolution
		HideSolutionNode = FALSE
	EndGlobalSection
	GlobalSection(ExtensibilityGlobals) = postSolution
		SolutionGuid = {9B27F2EE-A22D-4ACC-8DF2-3DCF40E56015}
	EndGlobalSection
EndGlobal
